Microsoft Visual Studio Solution File, Format Version 12.00
# Visual Studio 15
Project("{8BC9CEB8-8B4A-11D0-8D11-00A0C91BC942}") = "ALL_BUILD", "ALL_BUILD.vcxproj", "{AA2BCDFA-24B8-3E14-A743-AC72A4D371A8}"
	ProjectSection(ProjectDependencies) = postProject
		{A45EE2C2-2D9D-3734-B265-BD442B7390BD} = {A45EE2C2-2D9D-3734-B265-BD442B7390BD}
		{DA303269-B723-3371-8EB9-BC424FAA6EDB} = {DA303269-B723-3371-8EB9-BC424FAA6EDB}
		{2A9475CD-91CC-32E7-8F50-4357DDDA1C72} = {2A9475CD-91CC-32E7-8F50-4357DDDA1C72}
	EndProjectSection
EndProject
Project("{8BC9CEB8-8B4A-11D0-8D11-00A0C91BC942}") = "ZERO_CHECK", "ZERO_CHECK.vcxproj", "{A45EE2C2-2D9D-3734-B265-BD442B7390BD}"
	ProjectSection(ProjectDependencies) = postProject
	EndProjectSection
EndProject
Project("{8BC9CEB8-8B4A-11D0-8D11-00A0C91BC942}") = "amcp", "amcp.vcxproj", "{DA303269-B723-3371-8EB9-BC424FAA6EDB}"
	ProjectSection(ProjectDependencies) = postProject
		{A45EE2C2-2D9D-3734-B265-BD442B7390BD} = {A45EE2C2-2D9D-3734-B265-BD442B7390BD}
	EndProjectSection
EndProject
Project("{8BC9CEB8-8B4A-11D0-8D11-00A0C91BC942}") = "test", "test.vcxproj", "{2A9475CD-91CC-32E7-8F50-4357DDDA1C72}"
	ProjectSection(ProjectDependencies) = postProject
		{A45EE2C2-2D9D-3734-B265-BD442B7390BD} = {A45EE2C2-2D9D-3734-B265-BD442B7390BD}
		{DA303269-B723-3371-8EB9-BC424FAA6EDB} = {DA303269-B723-3371-8EB9-BC424FAA6EDB}
	EndProjectSection
EndProject
Global
	GlobalSection(SolutionConfigurationPlatforms) = preSolution
		Debug|x64 = Debug|x64
		Release|x64 = Release|x64
		MinSizeRel|x64 = MinSizeRel|x64
		RelWithDebInfo|x64 = RelWithDebInfo|x64
	EndGlobalSection
	GlobalSection(ProjectConfigurationPlatforms) = postSolution
		{AA2BCDFA-24B8-3E14-A743-AC72A4D371A8}.Debug|x64.ActiveCfg = Debug|x64
		{AA2BCDFA-24B8-3E14-A743-AC72A4D371A8}.Release|x64.ActiveCfg = Release|x64
		{AA2BCDFA-24B8-3E14-A743-AC72A4D371A8}.MinSizeRel|x64.ActiveCfg = MinSizeRel|x64
		{AA2BCDFA-24B8-3E14-A743-AC72A4D371A8}.RelWithDebInfo|x64.ActiveCfg = RelWithDebInfo|x64
		{A45EE2C2-2D9D-3734-B265-BD442B7390BD}.Debug|x64.ActiveCfg = Debug|x64
		{A45EE2C2-2D9D-3734-B265-BD442B7390BD}.Debug|x64.Build.0 = Debug|x64
		{A45EE2C2-2D9D-3734-B265-BD442B7390BD}.Release|x64.ActiveCfg = Release|x64
		{A45EE2C2-2D9D-3734-B265-BD442B7390BD}.Release|x64.Build.0 = Release|x64
		{A45EE2C2-2D9D-3734-B265-BD442B7390BD}.MinSizeRel|x64.ActiveCfg = MinSizeRel|x64
		{A45EE2C2-2D9D-3734-B265-BD442B7390BD}.MinSizeRel|x64.Build.0 = MinSizeRel|x64
		{A45EE2C2-2D9D-3734-B265-BD442B7390BD}.RelWithDebInfo|x64.ActiveCfg = RelWithDebInfo|x64
		{A45EE2C2-2D9D-3734-B265-BD442B7390BD}.RelWithDebInfo|x64.Build.0 = RelWithDebInfo|x64
		{DA303269-B723-3371-8EB9-BC424FAA6EDB}.Debug|x64.ActiveCfg = Debug|x64
		{DA303269-B723-3371-8EB9-BC424FAA6EDB}.Debug|x64.Build.0 = Debug|x64
		{DA303269-B723-3371-8EB9-BC424FAA6EDB}.Release|x64.ActiveCfg = Release|x64
		{DA303269-B723-3371-8EB9-BC424FAA6EDB}.Release|x64.Build.0 = Release|x64
		{DA303269-B723-3371-8EB9-BC424FAA6EDB}.MinSizeRel|x64.ActiveCfg = MinSizeRel|x64
		{DA303269-B723-3371-8EB9-BC424FAA6EDB}.MinSizeRel|x64.Build.0 = MinSizeRel|x64
		{DA303269-B723-3371-8EB9-BC424FAA6EDB}.RelWithDebInfo|x64.ActiveCfg = RelWithDebInfo|x64
		{DA303269-B723-3371-8EB9-BC424FAA6EDB}.RelWithDebInfo|x64.Build.0 = RelWithDebInfo|x64
		{2A9475CD-91CC-32E7-8F50-4357DDDA1C72}.Debug|x64.ActiveCfg = Debug|x64
		{2A9475CD-91CC-32E7-8F50-4357DDDA1C72}.Debug|x64.Build.0 = Debug|x64
		{2A9475CD-91CC-32E7-8F50-4357DDDA1C72}.Release|x64.ActiveCfg = Release|x64
		{2A9475CD-91CC-32E7-8F50-4357DDDA1C72}.Release|x64.Build.0 = Release|x64
		{2A9475CD-91CC-32E7-8F50-4357DDDA1C72}.MinSizeRel|x64.ActiveCfg = MinSizeRel|x64
		{2A9475CD-91CC-32E7-8F50-4357DDDA1C72}.MinSizeRel|x64.Build.0 = MinSizeRel|x64
		{2A9475CD-91CC-32E7-8F50-4357DDDA1C72}.RelWithDebInfo|x64.ActiveCfg = RelWithDebInfo|x64
		{2A9475CD-91CC-32E7-8F50-4357DDDA1C72}.RelWithDebInfo|x64.Build.0 = RelWithDebInfo|x64
	EndGlobalSection
	GlobalSection(ExtensibilityGlobals) = postSolution
		SolutionGuid = {A33BEB16-E552-36CE-B8B8-A833EF50279C}
	EndGlobalSection
	GlobalSection(ExtensibilityAddIns) = postSolution
	EndGlobalSection
EndGlobal
