<?xml version="1.0" encoding="utf-8"?>
<Project ToolsVersion="15.0" xmlns="http://schemas.microsoft.com/developer/msbuild/2003">
  <ItemGroup>
    <CustomBuild Include="E:\Dropbox\Projects\amcp\msvc\CMakeFiles\874ab66a5e3e484f949bce9a7c1415a2\generate.stamp.rule">
      <Filter>CMake Rules</Filter>
    </CustomBuild>
  </ItemGroup>
  <ItemGroup>
    <Filter Include="CMake Rules">
      <UniqueIdentifier>{B16A6AD1-BCDD-3745-9290-4F89C4E739F0}</UniqueIdentifier>
    </Filter>
  </ItemGroup>
</Project>
